
Microsoft Visual Studio Solution File, Format Version 12.00
Project("{FAE04EC0-301F-11D3-BF4B-00C04F79EFBC}") = "SteamKit.Repro", "SteamKit.Repro\SteamKit.Repro.csproj", "{0C4D5AD4-37BA-4063-B08E-D5BE4EFBBD8D}"
EndProject
Global
	GlobalSection(SolutionConfigurationPlatforms) = preSolution
		Debug|Any CPU = Debug|Any CPU
		Release|Any CPU = Release|Any CPU
	EndGlobalSection
	GlobalSection(ProjectConfigurationPlatforms) = postSolution
		{0C4D5AD4-37BA-4063-B08E-D5BE4EFBBD8D}.Debug|Any CPU.ActiveCfg = Debug|Any CPU
		{0C4D5AD4-37BA-4063-B08E-D5BE4EFBBD8D}.Debug|Any CPU.Build.0 = Debug|Any CPU
		{0C4D5AD4-37BA-4063-B08E-D5BE4EFBBD8D}.Release|Any CPU.ActiveCfg = Release|Any CPU
		{0C4D5AD4-37BA-4063-B08E-D5BE4EFBBD8D}.Release|Any CPU.Build.0 = Release|Any CPU
	EndGlobalSection
EndGlobal
